
Microsoft Visual Studio Solution File, Format Version 12.00
# Visual Studio Version 17
VisualStudioVersion = 17.5.002.0
MinimumVisualStudioVersion = 10.0.40219.1
Project("{9A19103F-16F7-4668-BE54-9A1E7A4F7556}") = "dotnet", "dotnet.csproj", "{170B0123-837F-4AE2-AB31-050061310F6F}"
EndProject
Global
	GlobalSection(SolutionConfigurationPlatforms) = preSolution
		Debug|Any CPU = Debug|Any CPU
		Release|Any CPU = Release|Any CPU
	EndGlobalSection
	GlobalSection(ProjectConfigurationPlatforms) = postSolution
		{170B0123-837F-4AE2-AB31-050061310F6F}.Debug|Any CPU.ActiveCfg = Debug|Any CPU
		{170B0123-837F-4AE2-AB31-050061310F6F}.Debug|Any CPU.Build.0 = Debug|Any CPU
		{170B0123-837F-4AE2-AB31-050061310F6F}.Release|Any CPU.ActiveCfg = Release|Any CPU
		{170B0123-837F-4AE2-AB31-050061310F6F}.Release|Any CPU.Build.0 = Release|Any CPU
	EndGlobalSection
	GlobalSection(SolutionProperties) = preSolution
		HideSolutionNode = FALSE
	EndGlobalSection
	GlobalSection(ExtensibilityGlobals) = postSolution
		SolutionGuid = {779BC4BB-E73C-41A8-90FC-2F8AFC48B686}
	EndGlobalSection
EndGlobal
